
Microsoft Visual Studio Solution File, Format Version 12.00
# Visual Studio Version 17
VisualStudioVersion = 17.5.33516.290
MinimumVisualStudioVersion = 10.0.40219.1
Project("{FAE04EC0-301F-11D3-BF4B-00C04F79EFBC}") = "Budget_uchet", "Budget_uchet\Budget_uchet.csproj", "{F578121F-9ADB-433A-ABBA-B01218D9C199}"
EndProject
Global
	GlobalSection(SolutionConfigurationPlatforms) = preSolution
		Debug|Any CPU = Debug|Any CPU
		Release|Any CPU = Release|Any CPU
	EndGlobalSection
	GlobalSection(ProjectConfigurationPlatforms) = postSolution
		{F578121F-9ADB-433A-ABBA-B01218D9C199}.Debug|Any CPU.ActiveCfg = Debug|Any CPU
		{F578121F-9ADB-433A-ABBA-B01218D9C199}.Debug|Any CPU.Build.0 = Debug|Any CPU
		{F578121F-9ADB-433A-ABBA-B01218D9C199}.Release|Any CPU.ActiveCfg = Release|Any CPU
		{F578121F-9ADB-433A-ABBA-B01218D9C199}.Release|Any CPU.Build.0 = Release|Any CPU
	EndGlobalSection
	GlobalSection(SolutionProperties) = preSolution
		HideSolutionNode = FALSE
	EndGlobalSection
	GlobalSection(ExtensibilityGlobals) = postSolution
		SolutionGuid = {9ECED7BA-EA70-4D2E-8771-CA9FCBEE64EA}
	EndGlobalSection
EndGlobal
